
Microsoft Visual Studio Solution File, Format Version 12.00
# Visual Studio Version 17
VisualStudioVersion = 17.3.32505.426
MinimumVisualStudioVersion = 10.0.40219.1
Project("{FAE04EC0-301F-11D3-BF4B-00C04F79EFBC}") = "KomugikoLibrary", "KomugikoLibrary.csproj", "{83912437-B015-4C39-A567-68F7C9AF52FE}"
EndProject
Project("{FAE04EC0-301F-11D3-BF4B-00C04F79EFBC}") = "KomugikoLibrary_Client", "..\KomugikoLibrary_Client\KomugikoLibrary_Client.csproj", "{B354C05B-50F1-4949-891D-4FE211A2D3D1}"
EndProject
Global
	GlobalSection(SolutionConfigurationPlatforms) = preSolution
		Debug|Any CPU = Debug|Any CPU
		Release|Any CPU = Release|Any CPU
	EndGlobalSection
	GlobalSection(ProjectConfigurationPlatforms) = postSolution
		{83912437-B015-4C39-A567-68F7C9AF52FE}.Debug|Any CPU.ActiveCfg = Debug|Any CPU
		{83912437-B015-4C39-A567-68F7C9AF52FE}.Debug|Any CPU.Build.0 = Debug|Any CPU
		{83912437-B015-4C39-A567-68F7C9AF52FE}.Release|Any CPU.ActiveCfg = Release|Any CPU
		{83912437-B015-4C39-A567-68F7C9AF52FE}.Release|Any CPU.Build.0 = Release|Any CPU
		{B354C05B-50F1-4949-891D-4FE211A2D3D1}.Debug|Any CPU.ActiveCfg = Debug|Any CPU
		{B354C05B-50F1-4949-891D-4FE211A2D3D1}.Debug|Any CPU.Build.0 = Debug|Any CPU
		{B354C05B-50F1-4949-891D-4FE211A2D3D1}.Release|Any CPU.ActiveCfg = Release|Any CPU
		{B354C05B-50F1-4949-891D-4FE211A2D3D1}.Release|Any CPU.Build.0 = Release|Any CPU
	EndGlobalSection
	GlobalSection(SolutionProperties) = preSolution
		HideSolutionNode = FALSE
	EndGlobalSection
	GlobalSection(ExtensibilityGlobals) = postSolution
		SolutionGuid = {718B172D-BBD1-4BE4-889C-6A4B4BFAFAE9}
	EndGlobalSection
EndGlobal
